
Microsoft Visual Studio Solution File, Format Version 12.00
# Visual Studio Version 16
VisualStudioVersion = 16.0.28803.202
MinimumVisualStudioVersion = 10.0.40219.1
Project("{FAE04EC0-301F-11D3-BF4B-00C04F79EFBC}") = "IT-Department Management", "IT-Department Management\IT-Department Management.csproj", "{D2DAE7CB-079C-4E5B-8EB5-5F9D69645640}"
EndProject
Global
	GlobalSection(SolutionConfigurationPlatforms) = preSolution
		Debug|Any CPU = Debug|Any CPU
		Release|Any CPU = Release|Any CPU
	EndGlobalSection
	GlobalSection(ProjectConfigurationPlatforms) = postSolution
		{D2DAE7CB-079C-4E5B-8EB5-5F9D69645640}.Debug|Any CPU.ActiveCfg = Debug|Any CPU
		{D2DAE7CB-079C-4E5B-8EB5-5F9D69645640}.Debug|Any CPU.Build.0 = Debug|Any CPU
		{D2DAE7CB-079C-4E5B-8EB5-5F9D69645640}.Release|Any CPU.ActiveCfg = Release|Any CPU
		{D2DAE7CB-079C-4E5B-8EB5-5F9D69645640}.Release|Any CPU.Build.0 = Release|Any CPU
	EndGlobalSection
	GlobalSection(SolutionProperties) = preSolution
		HideSolutionNode = FALSE
	EndGlobalSection
	GlobalSection(ExtensibilityGlobals) = postSolution
		SolutionGuid = {D6B8ADDD-77DA-4D2F-931D-E7D932F88525}
	EndGlobalSection
EndGlobal
